
Microsoft Visual Studio Solution File, Format Version 12.00
Project("{FAE04EC0-301F-11D3-BF4B-00C04F79EFBC}") = "BuildIt", "BuildIt\BuildIt.csproj", "{067000FC-228B-4099-A9D7-B100B03F170F}"
EndProject
Project("{FAE04EC0-301F-11D3-BF4B-00C04F79EFBC}") = "Server", "Server\Server.csproj", "{0BF1C689-FCD6-41D5-8B18-36D52B431699}"
EndProject
Project("{FAE04EC0-301F-11D3-BF4B-00C04F79EFBC}") = "Application", "Application\Application.csproj", "{D801A190-88CC-4727-8F7C-AEBF3BA98AE8}"
EndProject
Project("{FAE04EC0-301F-11D3-BF4B-00C04F79EFBC}") = "Console", "Console\Console.csproj", "{52457276-45F3-45BB-8ECE-4A0307D5F767}"
EndProject
Global
	GlobalSection(SolutionConfigurationPlatforms) = preSolution
		Debug|Any CPU = Debug|Any CPU
		Release|Any CPU = Release|Any CPU
	EndGlobalSection
	GlobalSection(ProjectConfigurationPlatforms) = postSolution
		{067000FC-228B-4099-A9D7-B100B03F170F}.Debug|Any CPU.ActiveCfg = Debug|Any CPU
		{067000FC-228B-4099-A9D7-B100B03F170F}.Debug|Any CPU.Build.0 = Debug|Any CPU
		{067000FC-228B-4099-A9D7-B100B03F170F}.Release|Any CPU.ActiveCfg = Release|Any CPU
		{067000FC-228B-4099-A9D7-B100B03F170F}.Release|Any CPU.Build.0 = Release|Any CPU
		{0BF1C689-FCD6-41D5-8B18-36D52B431699}.Debug|Any CPU.ActiveCfg = Debug|Any CPU
		{0BF1C689-FCD6-41D5-8B18-36D52B431699}.Debug|Any CPU.Build.0 = Debug|Any CPU
		{0BF1C689-FCD6-41D5-8B18-36D52B431699}.Release|Any CPU.ActiveCfg = Release|Any CPU
		{0BF1C689-FCD6-41D5-8B18-36D52B431699}.Release|Any CPU.Build.0 = Release|Any CPU
		{D801A190-88CC-4727-8F7C-AEBF3BA98AE8}.Debug|Any CPU.ActiveCfg = Debug|Any CPU
		{D801A190-88CC-4727-8F7C-AEBF3BA98AE8}.Debug|Any CPU.Build.0 = Debug|Any CPU
		{D801A190-88CC-4727-8F7C-AEBF3BA98AE8}.Release|Any CPU.ActiveCfg = Release|Any CPU
		{D801A190-88CC-4727-8F7C-AEBF3BA98AE8}.Release|Any CPU.Build.0 = Release|Any CPU
		{52457276-45F3-45BB-8ECE-4A0307D5F767}.Debug|Any CPU.ActiveCfg = Debug|Any CPU
		{52457276-45F3-45BB-8ECE-4A0307D5F767}.Debug|Any CPU.Build.0 = Debug|Any CPU
		{52457276-45F3-45BB-8ECE-4A0307D5F767}.Release|Any CPU.ActiveCfg = Release|Any CPU
		{52457276-45F3-45BB-8ECE-4A0307D5F767}.Release|Any CPU.Build.0 = Release|Any CPU
	EndGlobalSection
EndGlobal
